
Microsoft Visual Studio Solution File, Format Version 12.00
# Visual Studio Version 16
VisualStudioVersion = 16.0.30907.101
MinimumVisualStudioVersion = 10.0.40219.1
Project("{FAE04EC0-301F-11D3-BF4B-00C04F79EFBC}") = "ProyectoFinalBDD", "ProyectoFinalBDD\ProyectoFinalBDD.csproj", "{1E9F6107-0FBD-4BD0-8590-DDC805778EB3}"
EndProject
Global
	GlobalSection(SolutionConfigurationPlatforms) = preSolution
		Debug|Any CPU = Debug|Any CPU
		Release|Any CPU = Release|Any CPU
	EndGlobalSection
	GlobalSection(ProjectConfigurationPlatforms) = postSolution
		{1E9F6107-0FBD-4BD0-8590-DDC805778EB3}.Debug|Any CPU.ActiveCfg = Debug|Any CPU
		{1E9F6107-0FBD-4BD0-8590-DDC805778EB3}.Debug|Any CPU.Build.0 = Debug|Any CPU
		{1E9F6107-0FBD-4BD0-8590-DDC805778EB3}.Release|Any CPU.ActiveCfg = Release|Any CPU
		{1E9F6107-0FBD-4BD0-8590-DDC805778EB3}.Release|Any CPU.Build.0 = Release|Any CPU
	EndGlobalSection
	GlobalSection(SolutionProperties) = preSolution
		HideSolutionNode = FALSE
	EndGlobalSection
	GlobalSection(ExtensibilityGlobals) = postSolution
		SolutionGuid = {E48DE3BA-E643-493C-A7A6-9C9510565348}
	EndGlobalSection
EndGlobal
